{
  "name": "bitmapit-preview",
  "version": "1.0.0",
  "lockfileVersion": 3,
  "requires": true,
  "packages": {
    "": {
      "name": "bitmapit-preview",
      "version": "1.0.0",
      "license": "ISC",
      "dependencies": {
        "bitmapit": "^1.0.3"
      }
    },
    "node_modules/bitmapit": {
      "version": "1.0.3",
      "resolved": "https://registry.npmjs.org/bitmapit/-/bitmapit-1.0.3.tgz",
      "integrity": "sha512-RZ6FjgNG+bv7kusCxhgsip4N97e9fHPr6FHJMabmKvQicvuh9GvXwp+xK66exbSNbl46vlWJy2GT9B8H+OFDFw==",
      "license": "MIT",
      "engines": {
        "node": ">=16"
      }
    }
  }
}
